// !$*UTF8*$!
{
	archiveVersion = 1;
	classes = {
	};
	objectVersion = 46;
	objects = {

/* Begin PBXBuildFile section */
		11B7B6BD1D9909100041E2ED /* PostViewController.swift in Sources */ = {isa = PBXBuildFile; fileRef = 11B7B6BC1D9909100041E2ED /* PostViewController.swift */; };
		11B7B6BF1D9909380041E2ED /* ProfileViewController.swift in Sources */ = {isa = PBXBuildFile; fileRef = 11B7B6BE1D9909380041E2ED /* ProfileViewController.swift */; };
		11B7B6C11D9909590041E2ED /* EditProfileViewController.swift in Sources */ = {isa = PBXBuildFile; fileRef = 11B7B6C01D9909590041E2ED /* EditProfileViewController.swift */; };
		11B7B6C51D9967A00041E2ED /* User.swift in Sources */ = {isa = PBXBuildFile; fileRef = 11B7B6C41D9967A00041E2ED /* User.swift */; };
		11B7B6C71D9A21A80041E2ED /* StrangerProfile.storyboard in Resources */ = {isa = PBXBuildFile; fileRef = 11B7B6C61D9A21A80041E2ED /* StrangerProfile.storyboard */; };
		11B7B6C91D9A225C0041E2ED /* StrangerProfileViewController.swift in Sources */ = {isa = PBXBuildFile; fileRef = 11B7B6C81D9A225C0041E2ED /* StrangerProfileViewController.swift */; };
		11B7B6CF1D9A64C10041E2ED /* Post.swift in Sources */ = {isa = PBXBuildFile; fileRef = 11B7B6CE1D9A64C10041E2ED /* Post.swift */; };
		11B7B6D11D9AB9FD0041E2ED /* ProductCell.swift in Sources */ = {isa = PBXBuildFile; fileRef = 11B7B6D01D9AB9FD0041E2ED /* ProductCell.swift */; };
		11B7B6D71D9ACC8F0041E2ED /* DetailViewController.swift in Sources */ = {isa = PBXBuildFile; fileRef = 11B7B6D61D9ACC8F0041E2ED /* DetailViewController.swift */; };
		11B7B6DB1D9B69170041E2ED /* DataService.swift in Sources */ = {isa = PBXBuildFile; fileRef = 11B7B6DA1D9B69170041E2ED /* DataService.swift */; };
		11B7B6DD1D9B7D980041E2ED /* NotificationTableViewController.swift in Sources */ = {isa = PBXBuildFile; fileRef = 11B7B6DC1D9B7D980041E2ED /* NotificationTableViewController.swift */; };
		11B7B6E51DA35DE40041E2ED /* ListOfJob.storyboard in Resources */ = {isa = PBXBuildFile; fileRef = 11B7B6E41DA35DE40041E2ED /* ListOfJob.storyboard */; };
		11B7B6E71DA35E150041E2ED /* ListOfJobTableViewController.swift in Sources */ = {isa = PBXBuildFile; fileRef = 11B7B6E61DA35E150041E2ED /* ListOfJobTableViewController.swift */; };
		11B7B6E91DA39D900041E2ED /* DetailStoryBoard.storyboard in Resources */ = {isa = PBXBuildFile; fileRef = 11B7B6E81DA39D900041E2ED /* DetailStoryBoard.storyboard */; };
		4377864557A3748410D8E1F6 /* Pods_TravellerTests.framework in Frameworks */ = {isa = PBXBuildFile; fileRef = 15795DE704F306F30224DB6A /* Pods_TravellerTests.framework */; };
		4F17BBA91DA0C3A70075EA31 /* ListOfTravellerRequestStoryboard.storyboard in Resources */ = {isa = PBXBuildFile; fileRef = 4F17BBA81DA0C3A70075EA31 /* ListOfTravellerRequestStoryboard.storyboard */; };
		4F17BBAB1DA0C3E70075EA31 /* ListOfTravellerRequestViewController.swift in Sources */ = {isa = PBXBuildFile; fileRef = 4F17BBAA1DA0C3E70075EA31 /* ListOfTravellerRequestViewController.swift */; };
		4F17BBAD1DA0C7060075EA31 /* ListOfTravellerRequestTableViewCell.swift in Sources */ = {isa = PBXBuildFile; fileRef = 4F17BBAC1DA0C7060075EA31 /* ListOfTravellerRequestTableViewCell.swift */; };
		4F46C4A21D9D138B00FB39E6 /* elley.otf in Resources */ = {isa = PBXBuildFile; fileRef = 4F46C4A11D9D12F700FB39E6 /* elley.otf */; };
		4F4C76971D99277C006E94D1 /* StyleKit.swift in Sources */ = {isa = PBXBuildFile; fileRef = 4F4C76961D99277C006E94D1 /* StyleKit.swift */; };
		4F4C76991D993D76006E94D1 /* SignUpViewController.swift in Sources */ = {isa = PBXBuildFile; fileRef = 4F4C76981D993D76006E94D1 /* SignUpViewController.swift */; };
		4F4C769B1D9960D5006E94D1 /* InboxViewController.swift in Sources */ = {isa = PBXBuildFile; fileRef = 4F4C769A1D9960D5006E94D1 /* InboxViewController.swift */; };
		4F4C769D1D99FEDD006E94D1 /* InboxTableViewCell.swift in Sources */ = {isa = PBXBuildFile; fileRef = 4F4C769C1D99FEDD006E94D1 /* InboxTableViewCell.swift */; };
		4F4C769F1D9A0094006E94D1 /* PrivateMessageStoryboard.storyboard in Resources */ = {isa = PBXBuildFile; fileRef = 4F4C769E1D9A0094006E94D1 /* PrivateMessageStoryboard.storyboard */; };
		4F4C76A11D9A00CB006E94D1 /* PrivateMessageViewController.swift in Sources */ = {isa = PBXBuildFile; fileRef = 4F4C76A01D9A00CB006E94D1 /* PrivateMessageViewController.swift */; };
		4F7612C71D9CDF4D00649EA6 /* TabBarViewController.swift in Sources */ = {isa = PBXBuildFile; fileRef = 4F7612C61D9CDF4D00649EA6 /* TabBarViewController.swift */; };
		4FADD7C21D9E384D00DA8EBA /* NotificationStoryboard.storyboard in Resources */ = {isa = PBXBuildFile; fileRef = 4FADD7C11D9E384D00DA8EBA /* NotificationStoryboard.storyboard */; };
		4FD5818C1D98F37A0083CCCE /* TabBarStoryboard.storyboard in Resources */ = {isa = PBXBuildFile; fileRef = 4FD5818B1D98F37A0083CCCE /* TabBarStoryboard.storyboard */; };
		4FD5818E1D98F5F50083CCCE /* HomeTabStoryboard.storyboard in Resources */ = {isa = PBXBuildFile; fileRef = 4FD5818D1D98F5F50083CCCE /* HomeTabStoryboard.storyboard */; };
		4FD581901D98F6110083CCCE /* InboxTabStoryboard.storyboard in Resources */ = {isa = PBXBuildFile; fileRef = 4FD5818F1D98F6110083CCCE /* InboxTabStoryboard.storyboard */; };
		4FD581921D98F62E0083CCCE /* PostTabStoryboard.storyboard in Resources */ = {isa = PBXBuildFile; fileRef = 4FD581911D98F62E0083CCCE /* PostTabStoryboard.storyboard */; };
		4FD581941D98F6800083CCCE /* ProfileTabStoryboard.storyboard in Resources */ = {isa = PBXBuildFile; fileRef = 4FD581931D98F6800083CCCE /* ProfileTabStoryboard.storyboard */; };
		4FD581961D98F9440083CCCE /* GoogleService-Info.plist in Resources */ = {isa = PBXBuildFile; fileRef = 4FD581951D98F9440083CCCE /* GoogleService-Info.plist */; };
		4FD581A31D99059F0083CCCE /* Bolts.framework in Frameworks */ = {isa = PBXBuildFile; fileRef = 4FD5819F1D99059F0083CCCE /* Bolts.framework */; };
		4FD581A41D99059F0083CCCE /* FBSDKCoreKit.framework in Frameworks */ = {isa = PBXBuildFile; fileRef = 4FD581A01D99059F0083CCCE /* FBSDKCoreKit.framework */; };
		4FD581A51D99059F0083CCCE /* FBSDKLoginKit.framework in Frameworks */ = {isa = PBXBuildFile; fileRef = 4FD581A11D99059F0083CCCE /* FBSDKLoginKit.framework */; };
		4FD581A61D99059F0083CCCE /* FBSDKShareKit.framework in Frameworks */ = {isa = PBXBuildFile; fileRef = 4FD581A21D99059F0083CCCE /* FBSDKShareKit.framework */; };
		4FD581A81D990AAA0083CCCE /* HomeTabViewController.swift in Sources */ = {isa = PBXBuildFile; fileRef = 4FD581A71D990AAA0083CCCE /* HomeTabViewController.swift */; };
		4FE3D4201D9A26170001344C /* AddUserPrivateMessageStoryboard.storyboard in Resources */ = {isa = PBXBuildFile; fileRef = 4FE3D41F1D9A26170001344C /* AddUserPrivateMessageStoryboard.storyboard */; };
		4FE3D4221D9A32F40001344C /* AddUserPrivateMessageViewController.swift in Sources */ = {isa = PBXBuildFile; fileRef = 4FE3D4211D9A32F40001344C /* AddUserPrivateMessageViewController.swift */; };
		4FE3D4241D9A332B0001344C /* AddUserPrivateMessageTableViewCell.swift in Sources */ = {isa = PBXBuildFile; fileRef = 4FE3D4231D9A332B0001344C /* AddUserPrivateMessageTableViewCell.swift */; };
		4FE3D4301D9A463F0001344C /* Username.swift in Sources */ = {isa = PBXBuildFile; fileRef = 4FE3D42F1D9A463F0001344C /* Username.swift */; };
		4FE3D4331D9B20B50001344C /* Message.swift in Sources */ = {isa = PBXBuildFile; fileRef = 4FE3D4321D9B20B50001344C /* Message.swift */; };
		4FECCE171DA20A8200EF7D26 /* RatingStoryboard.storyboard in Resources */ = {isa = PBXBuildFile; fileRef = 4FECCE161DA20A8200EF7D26 /* RatingStoryboard.storyboard */; };
		4FECCE191DA2159600EF7D26 /* CompletionViewController.swift in Sources */ = {isa = PBXBuildFile; fileRef = 4FECCE181DA2159600EF7D26 /* CompletionViewController.swift */; };
		4FECCE1D1DA28B8000EF7D26 /* RatingViewController.swift in Sources */ = {isa = PBXBuildFile; fileRef = 4FECCE1C1DA28B8000EF7D26 /* RatingViewController.swift */; };
		4FEFA39C1D98E91400866794 /* AppDelegate.swift in Sources */ = {isa = PBXBuildFile; fileRef = 4FEFA39B1D98E91400866794 /* AppDelegate.swift */; };
		4FEFA3A11D98E91400866794 /* Main.storyboard in Resources */ = {isa = PBXBuildFile; fileRef = 4FEFA39F1D98E91400866794 /* Main.storyboard */; };
		4FEFA3A41D98E91400866794 /* Traveller.xcdatamodeld in Sources */ = {isa = PBXBuildFile; fileRef = 4FEFA3A21D98E91400866794 /* Traveller.xcdatamodeld */; };
		4FEFA3A61D98E91400866794 /* Assets.xcassets in Resources */ = {isa = PBXBuildFile; fileRef = 4FEFA3A51D98E91400866794 /* Assets.xcassets */; };
		4FEFA3A91D98E91400866794 /* LaunchScreen.storyboard in Resources */ = {isa = PBXBuildFile; fileRef = 4FEFA3A71D98E91400866794 /* LaunchScreen.storyboard */; };
		4FEFA3B41D98E91400866794 /* TravellerTests.swift in Sources */ = {isa = PBXBuildFile; fileRef = 4FEFA3B31D98E91400866794 /* TravellerTests.swift */; };
		4FEFA3BF1D98E91400866794 /* TravellerUITests.swift in Sources */ = {isa = PBXBuildFile; fileRef = 4FEFA3BE1D98E91400866794 /* TravellerUITests.swift */; };
		74A86D589243FD7CE0B2AC2F /* Pods_TravellerUITests.framework in Frameworks */ = {isa = PBXBuildFile; fileRef = D8DDFC6B1A28252B9C9CD64A /* Pods_TravellerUITests.framework */; };
		84213ABCEDB2DFED0ADE0AAC /* Pods_Traveller.framework in Frameworks */ = {isa = PBXBuildFile; fileRef = 1E3E158E97C9C98092B12E6D /* Pods_Traveller.framework */; };
/* End PBXBuildFile section */

/* Begin PBXContainerItemProxy section */
		4FEFA3B01D98E91400866794 /* PBXContainerItemProxy */ = {
			isa = PBXContainerItemProxy;
			containerPortal = 4FEFA3901D98E91400866794 /* Project object */;
			proxyType = 1;
			remoteGlobalIDString = 4FEFA3971D98E91400866794;
			remoteInfo = Traveller;
		};
		4FEFA3BB1D98E91400866794 /* PBXContainerItemProxy */ = {
			isa = PBXContainerItemProxy;
			containerPortal = 4FEFA3901D98E91400866794 /* Project object */;
			proxyType = 1;
			remoteGlobalIDString = 4FEFA3971D98E91400866794;
			remoteInfo = Traveller;
		};
/* End PBXContainerItemProxy section */

/* Begin PBXFileReference section */
		0B7D3D90E03B3B5AA80F76E0 /* Pods-TravellerUITests.release.xcconfig */ = {isa = PBXFileReference; includeInIndex = 1; lastKnownFileType = text.xcconfig; name = "Pods-TravellerUITests.release.xcconfig"; path = "Pods/Target Support Files/Pods-TravellerUITests/Pods-TravellerUITests.release.xcconfig"; sourceTree = "<group>"; };
		11B7B6BC1D9909100041E2ED /* PostViewController.swift */ = {isa = PBXFileReference; fileEncoding = 4; lastKnownFileType = sourcecode.swift; path = PostViewController.swift; sourceTree = "<group>"; };
		11B7B6BE1D9909380041E2ED /* ProfileViewController.swift */ = {isa = PBXFileReference; fileEncoding = 4; lastKnownFileType = sourcecode.swift; path = ProfileViewController.swift; sourceTree = "<group>"; };
		11B7B6C01D9909590041E2ED /* EditProfileViewController.swift */ = {isa = PBXFileReference; fileEncoding = 4; lastKnownFileType = sourcecode.swift; path = EditProfileViewController.swift; sourceTree = "<group>"; };
		11B7B6C41D9967A00041E2ED /* User.swift */ = {isa = PBXFileReference; fileEncoding = 4; lastKnownFileType = sourcecode.swift; path = User.swift; sourceTree = "<group>"; };
		11B7B6C61D9A21A80041E2ED /* StrangerProfile.storyboard */ = {isa = PBXFileReference; fileEncoding = 4; lastKnownFileType = file.storyboard; path = StrangerProfile.storyboard; sourceTree = "<group>"; };
		11B7B6C81D9A225C0041E2ED /* StrangerProfileViewController.swift */ = {isa = PBXFileReference; fileEncoding = 4; lastKnownFileType = sourcecode.swift; path = StrangerProfileViewController.swift; sourceTree = "<group>"; };
		11B7B6CE1D9A64C10041E2ED /* Post.swift */ = {isa = PBXFileReference; fileEncoding = 4; lastKnownFileType = sourcecode.swift; path = Post.swift; sourceTree = "<group>"; };
		11B7B6D01D9AB9FD0041E2ED /* ProductCell.swift */ = {isa = PBXFileReference; fileEncoding = 4; lastKnownFileType = sourcecode.swift; path = ProductCell.swift; sourceTree = "<group>"; };
		11B7B6D61D9ACC8F0041E2ED /* DetailViewController.swift */ = {isa = PBXFileReference; fileEncoding = 4; lastKnownFileType = sourcecode.swift; path = DetailViewController.swift; sourceTree = "<group>"; };
		11B7B6DA1D9B69170041E2ED /* DataService.swift */ = {isa = PBXFileReference; fileEncoding = 4; lastKnownFileType = sourcecode.swift; path = DataService.swift; sourceTree = "<group>"; };
		11B7B6DC1D9B7D980041E2ED /* NotificationTableViewController.swift */ = {isa = PBXFileReference; fileEncoding = 4; lastKnownFileType = sourcecode.swift; path = NotificationTableViewController.swift; sourceTree = "<group>"; };
		11B7B6E41DA35DE40041E2ED /* ListOfJob.storyboard */ = {isa = PBXFileReference; fileEncoding = 4; lastKnownFileType = file.storyboard; path = ListOfJob.storyboard; sourceTree = "<group>"; };
		11B7B6E61DA35E150041E2ED /* ListOfJobTableViewController.swift */ = {isa = PBXFileReference; fileEncoding = 4; lastKnownFileType = sourcecode.swift; path = ListOfJobTableViewController.swift; sourceTree = "<group>"; };
		11B7B6E81DA39D900041E2ED /* DetailStoryBoard.storyboard */ = {isa = PBXFileReference; fileEncoding = 4; lastKnownFileType = file.storyboard; path = DetailStoryBoard.storyboard; sourceTree = "<group>"; };
		15795DE704F306F30224DB6A /* Pods_TravellerTests.framework */ = {isa = PBXFileReference; explicitFileType = wrapper.framework; includeInIndex = 0; path = Pods_TravellerTests.framework; sourceTree = BUILT_PRODUCTS_DIR; };
		1E3E158E97C9C98092B12E6D /* Pods_Traveller.framework */ = {isa = PBXFileReference; explicitFileType = wrapper.framework; includeInIndex = 0; path = Pods_Traveller.framework; sourceTree = BUILT_PRODUCTS_DIR; };
		366CB820EA17A9C4A83E695B /* Pods-Traveller.debug.xcconfig */ = {isa = PBXFileReference; includeInIndex = 1; lastKnownFileType = text.xcconfig; name = "Pods-Traveller.debug.xcconfig"; path = "Pods/Target Support Files/Pods-Traveller/Pods-Traveller.debug.xcconfig"; sourceTree = "<group>"; };
		39E9B465ACF837088CF450E2 /* Pods-TravellerTests.release.xcconfig */ = {isa = PBXFileReference; includeInIndex = 1; lastKnownFileType = text.xcconfig; name = "Pods-TravellerTests.release.xcconfig"; path = "Pods/Target Support Files/Pods-TravellerTests/Pods-TravellerTests.release.xcconfig"; sourceTree = "<group>"; };
		4F17BBA81DA0C3A70075EA31 /* ListOfTravellerRequestStoryboard.storyboard */ = {isa = PBXFileReference; fileEncoding = 4; lastKnownFileType = file.storyboard; path = ListOfTravellerRequestStoryboard.storyboard; sourceTree = "<group>"; };
		4F17BBAA1DA0C3E70075EA31 /* ListOfTravellerRequestViewController.swift */ = {isa = PBXFileReference; fileEncoding = 4; lastKnownFileType = sourcecode.swift; path = ListOfTravellerRequestViewController.swift; sourceTree = "<group>"; };
		4F17BBAC1DA0C7060075EA31 /* ListOfTravellerRequestTableViewCell.swift */ = {isa = PBXFileReference; fileEncoding = 4; lastKnownFileType = sourcecode.swift; path = ListOfTravellerRequestTableViewCell.swift; sourceTree = "<group>"; };
		4F46C4A11D9D12F700FB39E6 /* elley.otf */ = {isa = PBXFileReference; lastKnownFileType = file; path = elley.otf; sourceTree = "<group>"; };
		4F4C76961D99277C006E94D1 /* StyleKit.swift */ = {isa = PBXFileReference; fileEncoding = 4; lastKnownFileType = sourcecode.swift; path = StyleKit.swift; sourceTree = "<group>"; };
		4F4C76981D993D76006E94D1 /* SignUpViewController.swift */ = {isa = PBXFileReference; fileEncoding = 4; lastKnownFileType = sourcecode.swift; path = SignUpViewController.swift; sourceTree = "<group>"; };
		4F4C769A1D9960D5006E94D1 /* InboxViewController.swift */ = {isa = PBXFileReference; fileEncoding = 4; lastKnownFileType = sourcecode.swift; path = InboxViewController.swift; sourceTree = "<group>"; };
		4F4C769C1D99FEDD006E94D1 /* InboxTableViewCell.swift */ = {isa = PBXFileReference; fileEncoding = 4; lastKnownFileType = sourcecode.swift; path = InboxTableViewCell.swift; sourceTree = "<group>"; };
		4F4C769E1D9A0094006E94D1 /* PrivateMessageStoryboard.storyboard */ = {isa = PBXFileReference; fileEncoding = 4; lastKnownFileType = file.storyboard; path = PrivateMessageStoryboard.storyboard; sourceTree = "<group>"; };
		4F4C76A01D9A00CB006E94D1 /* PrivateMessageViewController.swift */ = {isa = PBXFileReference; fileEncoding = 4; lastKnownFileType = sourcecode.swift; path = PrivateMessageViewController.swift; sourceTree = "<group>"; };
		4F7612C61D9CDF4D00649EA6 /* TabBarViewController.swift */ = {isa = PBXFileReference; fileEncoding = 4; lastKnownFileType = sourcecode.swift; path = TabBarViewController.swift; sourceTree = "<group>"; };
		4FADD7C11D9E384D00DA8EBA /* NotificationStoryboard.storyboard */ = {isa = PBXFileReference; fileEncoding = 4; lastKnownFileType = file.storyboard; path = NotificationStoryboard.storyboard; sourceTree = "<group>"; };
		4FD5818B1D98F37A0083CCCE /* TabBarStoryboard.storyboard */ = {isa = PBXFileReference; fileEncoding = 4; lastKnownFileType = file.storyboard; path = TabBarStoryboard.storyboard; sourceTree = "<group>"; };
		4FD5818D1D98F5F50083CCCE /* HomeTabStoryboard.storyboard */ = {isa = PBXFileReference; fileEncoding = 4; lastKnownFileType = file.storyboard; path = HomeTabStoryboard.storyboard; sourceTree = "<group>"; };
		4FD5818F1D98F6110083CCCE /* InboxTabStoryboard.storyboard */ = {isa = PBXFileReference; fileEncoding = 4; lastKnownFileType = file.storyboard; path = InboxTabStoryboard.storyboard; sourceTree = "<group>"; };
		4FD581911D98F62E0083CCCE /* PostTabStoryboard.storyboard */ = {isa = PBXFileReference; fileEncoding = 4; lastKnownFileType = file.storyboard; path = PostTabStoryboard.storyboard; sourceTree = "<group>"; };
		4FD581931D98F6800083CCCE /* ProfileTabStoryboard.storyboard */ = {isa = PBXFileReference; fileEncoding = 4; lastKnownFileType = file.storyboard; path = ProfileTabStoryboard.storyboard; sourceTree = "<group>"; };
		4FD581951D98F9440083CCCE /* GoogleService-Info.plist */ = {isa = PBXFileReference; fileEncoding = 4; lastKnownFileType = text.plist.xml; path = "GoogleService-Info.plist"; sourceTree = "<group>"; };
		4FD5819F1D99059F0083CCCE /* Bolts.framework */ = {isa = PBXFileReference; lastKnownFileType = wrapper.framework; name = Bolts.framework; path = ../Bolts.framework; sourceTree = "<group>"; };
		4FD581A01D99059F0083CCCE /* FBSDKCoreKit.framework */ = {isa = PBXFileReference; lastKnownFileType = wrapper.framework; name = FBSDKCoreKit.framework; path = ../FBSDKCoreKit.framework; sourceTree = "<group>"; };
		4FD581A11D99059F0083CCCE /* FBSDKLoginKit.framework */ = {isa = PBXFileReference; lastKnownFileType = wrapper.framework; name = FBSDKLoginKit.framework; path = ../FBSDKLoginKit.framework; sourceTree = "<group>"; };
		4FD581A21D99059F0083CCCE /* FBSDKShareKit.framework */ = {isa = PBXFileReference; lastKnownFileType = wrapper.framework; name = FBSDKShareKit.framework; path = ../FBSDKShareKit.framework; sourceTree = "<group>"; };
		4FD581A71D990AAA0083CCCE /* HomeTabViewController.swift */ = {isa = PBXFileReference; fileEncoding = 4; lastKnownFileType = sourcecode.swift; path = HomeTabViewController.swift; sourceTree = "<group>"; };
		4FE3D41F1D9A26170001344C /* AddUserPrivateMessageStoryboard.storyboard */ = {isa = PBXFileReference; fileEncoding = 4; lastKnownFileType = file.storyboard; path = AddUserPrivateMessageStoryboard.storyboard; sourceTree = "<group>"; };
		4FE3D4211D9A32F40001344C /* AddUserPrivateMessageViewController.swift */ = {isa = PBXFileReference; fileEncoding = 4; lastKnownFileType = sourcecode.swift; path = AddUserPrivateMessageViewController.swift; sourceTree = "<group>"; };
		4FE3D4231D9A332B0001344C /* AddUserPrivateMessageTableViewCell.swift */ = {isa = PBXFileReference; fileEncoding = 4; lastKnownFileType = sourcecode.swift; path = AddUserPrivateMessageTableViewCell.swift; sourceTree = "<group>"; };
		4FE3D42F1D9A463F0001344C /* Username.swift */ = {isa = PBXFileReference; fileEncoding = 4; lastKnownFileType = sourcecode.swift; path = Username.swift; sourceTree = "<group>"; };
		4FE3D4321D9B20B50001344C /* Message.swift */ = {isa = PBXFileReference; fileEncoding = 4; lastKnownFileType = sourcecode.swift; path = Message.swift; sourceTree = "<group>"; };
		4FECCE161DA20A8200EF7D26 /* RatingStoryboard.storyboard */ = {isa = PBXFileReference; fileEncoding = 4; lastKnownFileType = file.storyboard; path = RatingStoryboard.storyboard; sourceTree = "<group>"; };
		4FECCE181DA2159600EF7D26 /* CompletionViewController.swift */ = {isa = PBXFileReference; fileEncoding = 4; lastKnownFileType = sourcecode.swift; path = CompletionViewController.swift; sourceTree = "<group>"; };
		4FECCE1C1DA28B8000EF7D26 /* RatingViewController.swift */ = {isa = PBXFileReference; fileEncoding = 4; lastKnownFileType = sourcecode.swift; path = RatingViewController.swift; sourceTree = "<group>"; };
		4FEFA3981D98E91400866794 /* Traveller.app */ = {isa = PBXFileReference; explicitFileType = wrapper.application; includeInIndex = 0; path = Traveller.app; sourceTree = BUILT_PRODUCTS_DIR; };
		4FEFA39B1D98E91400866794 /* AppDelegate.swift */ = {isa = PBXFileReference; lastKnownFileType = sourcecode.swift; path = AppDelegate.swift; sourceTree = "<group>"; };
		4FEFA3A01D98E91400866794 /* Base */ = {isa = PBXFileReference; lastKnownFileType = file.storyboard; name = Base; path = Base.lproj/Main.storyboard; sourceTree = "<group>"; };
		4FEFA3A31D98E91400866794 /* Traveller.xcdatamodel */ = {isa = PBXFileReference; lastKnownFileType = wrapper.xcdatamodel; path = Traveller.xcdatamodel; sourceTree = "<group>"; };
		4FEFA3A51D98E91400866794 /* Assets.xcassets */ = {isa = PBXFileReference; lastKnownFileType = folder.assetcatalog; path = Assets.xcassets; sourceTree = "<group>"; };
		4FEFA3A81D98E91400866794 /* Base */ = {isa = PBXFileReference; lastKnownFileType = file.storyboard; name = Base; path = Base.lproj/LaunchScreen.storyboard; sourceTree = "<group>"; };
		4FEFA3AA1D98E91400866794 /* Info.plist */ = {isa = PBXFileReference; lastKnownFileType = text.plist.xml; path = Info.plist; sourceTree = "<group>"; };
		4FEFA3AF1D98E91400866794 /* TravellerTests.xctest */ = {isa = PBXFileReference; explicitFileType = wrapper.cfbundle; includeInIndex = 0; path = TravellerTests.xctest; sourceTree = BUILT_PRODUCTS_DIR; };
		4FEFA3B31D98E91400866794 /* TravellerTests.swift */ = {isa = PBXFileReference; lastKnownFileType = sourcecode.swift; path = TravellerTests.swift; sourceTree = "<group>"; };
		4FEFA3B51D98E91400866794 /* Info.plist */ = {isa = PBXFileReference; lastKnownFileType = text.plist.xml; path = Info.plist; sourceTree = "<group>"; };
		4FEFA3BA1D98E91400866794 /* TravellerUITests.xctest */ = {isa = PBXFileReference; explicitFileType = wrapper.cfbundle; includeInIndex = 0; path = TravellerUITests.xctest; sourceTree = BUILT_PRODUCTS_DIR; };
		4FEFA3BE1D98E91400866794 /* TravellerUITests.swift */ = {isa = PBXFileReference; lastKnownFileType = sourcecode.swift; path = TravellerUITests.swift; sourceTree = "<group>"; };
		4FEFA3C01D98E91400866794 /* Info.plist */ = {isa = PBXFileReference; lastKnownFileType = text.plist.xml; path = Info.plist; sourceTree = "<group>"; };
		74974443BA6619B660111BDF /* Pods-TravellerTests.debug.xcconfig */ = {isa = PBXFileReference; includeInIndex = 1; lastKnownFileType = text.xcconfig; name = "Pods-TravellerTests.debug.xcconfig"; path = "Pods/Target Support Files/Pods-TravellerTests/Pods-TravellerTests.debug.xcconfig"; sourceTree = "<group>"; };
		8C742861D1A64FB77E5E11AC /* Pods-TravellerUITests.debug.xcconfig */ = {isa = PBXFileReference; includeInIndex = 1; lastKnownFileType = text.xcconfig; name = "Pods-TravellerUITests.debug.xcconfig"; path = "Pods/Target Support Files/Pods-TravellerUITests/Pods-TravellerUITests.debug.xcconfig"; sourceTree = "<group>"; };
		955563E6C55CEE0DBA3A0C37 /* Pods-Traveller.release.xcconfig */ = {isa = PBXFileReference; includeInIndex = 1; lastKnownFileType = text.xcconfig; name = "Pods-Traveller.release.xcconfig"; path = "Pods/Target Support Files/Pods-Traveller/Pods-Traveller.release.xcconfig"; sourceTree = "<group>"; };
		D8DDFC6B1A28252B9C9CD64A /* Pods_TravellerUITests.framework */ = {isa = PBXFileReference; explicitFileType = wrapper.framework; includeInIndex = 0; path = Pods_TravellerUITests.framework; sourceTree = BUILT_PRODUCTS_DIR; };
/* End PBXFileReference section */

/* Begin PBXFrameworksBuildPhase section */
		4FEFA3951D98E91400866794 /* Frameworks */ = {
			isa = PBXFrameworksBuildPhase;
			buildActionMask = 2147483647;
			files = (
				84213ABCEDB2DFED0ADE0AAC /* Pods_Traveller.framework in Frameworks */,
				4FD581A41D99059F0083CCCE /* FBSDKCoreKit.framework in Frameworks */,
				4FD581A61D99059F0083CCCE /* FBSDKShareKit.framework in Frameworks */,
				4FD581A51D99059F0083CCCE /* FBSDKLoginKit.framework in Frameworks */,
				4FD581A31D99059F0083CCCE /* Bolts.framework in Frameworks */,
			);
			runOnlyForDeploymentPostprocessing = 0;
		};
		4FEFA3AC1D98E91400866794 /* Frameworks */ = {
			isa = PBXFrameworksBuildPhase;
			buildActionMask = 2147483647;
			files = (
				4377864557A3748410D8E1F6 /* Pods_TravellerTests.framework in Frameworks */,
			);
			runOnlyForDeploymentPostprocessing = 0;
		};
		4FEFA3B71D98E91400866794 /* Frameworks */ = {
			isa = PBXFrameworksBuildPhase;
			buildActionMask = 2147483647;
			files = (
				74A86D589243FD7CE0B2AC2F /* Pods_TravellerUITests.framework in Frameworks */,
			);
			runOnlyForDeploymentPostprocessing = 0;
		};
/* End PBXFrameworksBuildPhase section */

/* Begin PBXGroup section */
		4F46C4A01D9D12D900FB39E6 /* Resources */ = {
			isa = PBXGroup;
			children = (
				4F46C4A11D9D12F700FB39E6 /* elley.otf */,
				4FEFA3A51D98E91400866794 /* Assets.xcassets */,
				4FEFA3A71D98E91400866794 /* LaunchScreen.storyboard */,
				4FEFA3AA1D98E91400866794 /* Info.plist */,
				4FD581951D98F9440083CCCE /* GoogleService-Info.plist */,
				4FEFA3A21D98E91400866794 /* Traveller.xcdatamodeld */,
			);
			name = Resources;
			sourceTree = "<group>";
		};
		4F4EC1D31DA0BB1300820CF4 /* Post */ = {
			isa = PBXGroup;
			children = (
				11B7B6BC1D9909100041E2ED /* PostViewController.swift */,
				4FD581911D98F62E0083CCCE /* PostTabStoryboard.storyboard */,
			);
			name = Post;
			sourceTree = "<group>";
		};
		4F4EC1D41DA0BB2300820CF4 /* Home */ = {
			isa = PBXGroup;
			children = (
				4FD5818D1D98F5F50083CCCE /* HomeTabStoryboard.storyboard */,
				11B7B6E81DA39D900041E2ED /* DetailStoryBoard.storyboard */,
				11B7B6D61D9ACC8F0041E2ED /* DetailViewController.swift */,
				4FD581A71D990AAA0083CCCE /* HomeTabViewController.swift */,
			);
			name = Home;
			sourceTree = "<group>";
		};
		4F4EC1D51DA0BB5000820CF4 /* Profile */ = {
			isa = PBXGroup;
			children = (
				11B7B6C81D9A225C0041E2ED /* StrangerProfileViewController.swift */,
				11B7B6C01D9909590041E2ED /* EditProfileViewController.swift */,
				11B7B6BE1D9909380041E2ED /* ProfileViewController.swift */,
				11B7B6C61D9A21A80041E2ED /* StrangerProfile.storyboard */,
				4FD581931D98F6800083CCCE /* ProfileTabStoryboard.storyboard */,
			);
			name = Profile;
			sourceTree = "<group>";
		};
		4F4EC1D61DA0BB5800820CF4 /* Notification */ = {
			isa = PBXGroup;
			children = (
				11B7B6DC1D9B7D980041E2ED /* NotificationTableViewController.swift */,
				4FADD7C11D9E384D00DA8EBA /* NotificationStoryboard.storyboard */,
			);
			name = Notification;
			sourceTree = "<group>";
		};
		4F4EC1D71DA0BB6200820CF4 /* Tab Bar */ = {
			isa = PBXGroup;
			children = (
				4FD5818B1D98F37A0083CCCE /* TabBarStoryboard.storyboard */,
				4F7612C61D9CDF4D00649EA6 /* TabBarViewController.swift */,
			);
			name = "Tab Bar";
			sourceTree = "<group>";
		};
		4F4EC1D81DA0BB8900820CF4 /* Class */ = {
			isa = PBXGroup;
			children = (
				11B7B6D01D9AB9FD0041E2ED /* ProductCell.swift */,
				11B7B6C41D9967A00041E2ED /* User.swift */,
				11B7B6CE1D9A64C10041E2ED /* Post.swift */,
				4FE3D4321D9B20B50001344C /* Message.swift */,
				4FE3D42F1D9A463F0001344C /* Username.swift */,
			);
			name = Class;
			sourceTree = "<group>";
		};
		4FB07C062F6B55AA6FDD2F56 /* Frameworks */ = {
			isa = PBXGroup;
			children = (
				1E3E158E97C9C98092B12E6D /* Pods_Traveller.framework */,
				15795DE704F306F30224DB6A /* Pods_TravellerTests.framework */,
				D8DDFC6B1A28252B9C9CD64A /* Pods_TravellerUITests.framework */,
			);
			name = Frameworks;
			sourceTree = "<group>";
		};
		4FD581AA1D990ADF0083CCCE /* Models */ = {
			isa = PBXGroup;
			children = (
				4F46C4A01D9D12D900FB39E6 /* Resources */,
				4F4EC1D81DA0BB8900820CF4 /* Class */,
				4FD5819F1D99059F0083CCCE /* Bolts.framework */,
				4FD581A01D99059F0083CCCE /* FBSDKCoreKit.framework */,
				4FD581A11D99059F0083CCCE /* FBSDKLoginKit.framework */,
				4FD581A21D99059F0083CCCE /* FBSDKShareKit.framework */,
			);
			name = Models;
			sourceTree = "<group>";
		};
		4FE3D4251D9A38FF0001344C /* SignUp */ = {
			isa = PBXGroup;
			children = (
				4F4C76981D993D76006E94D1 /* SignUpViewController.swift */,
				4FEFA39F1D98E91400866794 /* Main.storyboard */,
			);
			name = SignUp;
			sourceTree = "<group>";
		};
		4FE3D4261D9A39210001344C /* Inbox */ = {
			isa = PBXGroup;
			children = (
				4FE3D4311D9A61780001344C /* TableViewCell Class */,
				4F4C769A1D9960D5006E94D1 /* InboxViewController.swift */,
				4FE3D4211D9A32F40001344C /* AddUserPrivateMessageViewController.swift */,
				4F4C76A01D9A00CB006E94D1 /* PrivateMessageViewController.swift */,
				4FD5818F1D98F6110083CCCE /* InboxTabStoryboard.storyboard */,
				4FE3D41F1D9A26170001344C /* AddUserPrivateMessageStoryboard.storyboard */,
				4F4C769E1D9A0094006E94D1 /* PrivateMessageStoryboard.storyboard */,
			);
			name = Inbox;
			sourceTree = "<group>";
		};
		4FE3D4311D9A61780001344C /* TableViewCell Class */ = {
			isa = PBXGroup;
			children = (
				4F4C769C1D99FEDD006E94D1 /* InboxTableViewCell.swift */,
				4FE3D4231D9A332B0001344C /* AddUserPrivateMessageTableViewCell.swift */,
			);
			name = "TableViewCell Class";
			sourceTree = "<group>";
		};
		4FEFA38F1D98E91400866794 = {
			isa = PBXGroup;
			children = (
				4FEFA39A1D98E91400866794 /* Traveller */,
				4FEFA3B21D98E91400866794 /* TravellerTests */,
				4FEFA3BD1D98E91400866794 /* TravellerUITests */,
				4FEFA3991D98E91400866794 /* Products */,
				52ED5FF2FF1440E6BC91E341 /* Pods */,
				4FB07C062F6B55AA6FDD2F56 /* Frameworks */,
			);
			sourceTree = "<group>";
		};
		4FEFA3991D98E91400866794 /* Products */ = {
			isa = PBXGroup;
			children = (
				4FEFA3981D98E91400866794 /* Traveller.app */,
				4FEFA3AF1D98E91400866794 /* TravellerTests.xctest */,
				4FEFA3BA1D98E91400866794 /* TravellerUITests.xctest */,
			);
			name = Products;
			sourceTree = "<group>";
		};
		4FEFA39A1D98E91400866794 /* Traveller */ = {
			isa = PBXGroup;
			children = (
				4F4C76961D99277C006E94D1 /* StyleKit.swift */,
				4FEFA39B1D98E91400866794 /* AppDelegate.swift */,
				11B7B6DA1D9B69170041E2ED /* DataService.swift */,
				4FE3D4251D9A38FF0001344C /* SignUp */,
				4F4EC1D71DA0BB6200820CF4 /* Tab Bar */,
				4F4EC1D41DA0BB2300820CF4 /* Home */,
				4FE3D4261D9A39210001344C /* Inbox */,
				4F4EC1D61DA0BB5800820CF4 /* Notification */,
				4F4EC1D31DA0BB1300820CF4 /* Post */,
				11B7B6E41DA35DE40041E2ED /* ListOfJob.storyboard */,
				11B7B6E61DA35E150041E2ED /* ListOfJobTableViewController.swift */,
				4F17BBAA1DA0C3E70075EA31 /* ListOfTravellerRequestViewController.swift */,
				4F17BBAC1DA0C7060075EA31 /* ListOfTravellerRequestTableViewCell.swift */,
				4FECCE181DA2159600EF7D26 /* CompletionViewController.swift */,
				4FECCE1C1DA28B8000EF7D26 /* RatingViewController.swift */,
				4F17BBA81DA0C3A70075EA31 /* ListOfTravellerRequestStoryboard.storyboard */,
				4FECCE161DA20A8200EF7D26 /* RatingStoryboard.storyboard */,
				4F4EC1D51DA0BB5000820CF4 /* Profile */,
				4FD581AA1D990ADF0083CCCE /* Models */,
			);
			path = Traveller;
			sourceTree = "<group>";
		};
		4FEFA3B21D98E91400866794 /* TravellerTests */ = {
			isa = PBXGroup;
			children = (
				4FEFA3B31D98E91400866794 /* TravellerTests.swift */,
				4FEFA3B51D98E91400866794 /* Info.plist */,
			);
			path = TravellerTests;
			sourceTree = "<group>";
		};
		4FEFA3BD1D98E91400866794 /* TravellerUITests */ = {
			isa = PBXGroup;
			children = (
				4FEFA3BE1D98E91400866794 /* TravellerUITests.swift */,
				4FEFA3C01D98E91400866794 /* Info.plist */,
			);
			path = TravellerUITests;
			sourceTree = "<group>";
		};
		52ED5FF2FF1440E6BC91E341 /* Pods */ = {
			isa = PBXGroup;
			children = (
				366CB820EA17A9C4A83E695B /* Pods-Traveller.debug.xcconfig */,
				955563E6C55CEE0DBA3A0C37 /* Pods-Traveller.release.xcconfig */,
				74974443BA6619B660111BDF /* Pods-TravellerTests.debug.xcconfig */,
				39E9B465ACF837088CF450E2 /* Pods-TravellerTests.release.xcconfig */,
				8C742861D1A64FB77E5E11AC /* Pods-TravellerUITests.debug.xcconfig */,
				0B7D3D90E03B3B5AA80F76E0 /* Pods-TravellerUITests.release.xcconfig */,
			);
			name = Pods;
			sourceTree = "<group>";
		};
/* End PBXGroup section */

/* Begin PBXNativeTarget section */
		4FEFA3971D98E91400866794 /* Traveller */ = {
			isa = PBXNativeTarget;
			buildConfigurationList = 4FEFA3C31D98E91400866794 /* Build configuration list for PBXNativeTarget "Traveller" */;
			buildPhases = (
				5AB4616CCDA1DFF0343C18CA /* [CP] Check Pods Manifest.lock */,
				4FEFA3941D98E91400866794 /* Sources */,
				4FEFA3951D98E91400866794 /* Frameworks */,
				4FEFA3961D98E91400866794 /* Resources */,
				C7BEDF05261CCFD15008FF4D /* [CP] Embed Pods Frameworks */,
				1D11C15913CCEA2BC14D6739 /* [CP] Copy Pods Resources */,
			);
			buildRules = (
			);
			dependencies = (
			);
			name = Traveller;
			productName = Traveller;
			productReference = 4FEFA3981D98E91400866794 /* Traveller.app */;
			productType = "com.apple.product-type.application";
		};
		4FEFA3AE1D98E91400866794 /* TravellerTests */ = {
			isa = PBXNativeTarget;
			buildConfigurationList = 4FEFA3C61D98E91400866794 /* Build configuration list for PBXNativeTarget "TravellerTests" */;
			buildPhases = (
				F73B802C4B939855AB8EF1FB /* [CP] Check Pods Manifest.lock */,
				4FEFA3AB1D98E91400866794 /* Sources */,
				4FEFA3AC1D98E91400866794 /* Frameworks */,
				4FEFA3AD1D98E91400866794 /* Resources */,
				31136A53ECC4A183EE0A0393 /* [CP] Embed Pods Frameworks */,
				9ECE0AFA49ABADC28CEE5389 /* [CP] Copy Pods Resources */,
			);
			buildRules = (
			);
			dependencies = (
				4FEFA3B11D98E91400866794 /* PBXTargetDependency */,
			);
			name = TravellerTests;
			productName = TravellerTests;
			productReference = 4FEFA3AF1D98E91400866794 /* TravellerTests.xctest */;
			productType = "com.apple.product-type.bundle.unit-test";
		};
		4FEFA3B91D98E91400866794 /* TravellerUITests */ = {
			isa = PBXNativeTarget;
			buildConfigurationList = 4FEFA3C91D98E91400866794 /* Build configuration list for PBXNativeTarget "TravellerUITests" */;
			buildPhases = (
				F2C4D0860DC02EB09D876601 /* [CP] Check Pods Manifest.lock */,
				4FEFA3B61D98E91400866794 /* Sources */,
				4FEFA3B71D98E91400866794 /* Frameworks */,
				4FEFA3B81D98E91400866794 /* Resources */,
				D886EA4FA1A6FF2E8A7CD188 /* [CP] Copy Pods Resources */,
			);
			buildRules = (
			);
			dependencies = (
				4FEFA3BC1D98E91400866794 /* PBXTargetDependency */,
			);
			name = TravellerUITests;
			productName = TravellerUITests;
			productReference = 4FEFA3BA1D98E91400866794 /* TravellerUITests.xctest */;
			productType = "com.apple.product-type.bundle.ui-testing";
		};
/* End PBXNativeTarget section */

/* Begin PBXProject section */
		4FEFA3901D98E91400866794 /* Project object */ = {
			isa = PBXProject;
			attributes = {
				LastSwiftUpdateCheck = 0730;
				LastUpgradeCheck = 0730;
				ORGANIZATIONNAME = "Tan Yee Gene";
				TargetAttributes = {
					4FEFA3971D98E91400866794 = {
						CreatedOnToolsVersion = 7.3.1;
						DevelopmentTeam = YXSP9UQVE9;
					};
					4FEFA3AE1D98E91400866794 = {
						CreatedOnToolsVersion = 7.3.1;
						TestTargetID = 4FEFA3971D98E91400866794;
					};
					4FEFA3B91D98E91400866794 = {
						CreatedOnToolsVersion = 7.3.1;
						TestTargetID = 4FEFA3971D98E91400866794;
					};
				};
			};
			buildConfigurationList = 4FEFA3931D98E91400866794 /* Build configuration list for PBXProject "Traveller" */;
			compatibilityVersion = "Xcode 3.2";
			developmentRegion = English;
			hasScannedForEncodings = 0;
			knownRegions = (
				en,
				Base,
			);
			mainGroup = 4FEFA38F1D98E91400866794;
			productRefGroup = 4FEFA3991D98E91400866794 /* Products */;
			projectDirPath = "";
			projectRoot = "";
			targets = (
				4FEFA3971D98E91400866794 /* Traveller */,
				4FEFA3AE1D98E91400866794 /* TravellerTests */,
				4FEFA3B91D98E91400866794 /* TravellerUITests */,
			);
		};
/* End PBXProject section */

/* Begin PBXResourcesBuildPhase section */
		4FEFA3961D98E91400866794 /* Resources */ = {
			isa = PBXResourcesBuildPhase;
			buildActionMask = 2147483647;
			files = (
				4FECCE171DA20A8200EF7D26 /* RatingStoryboard.storyboard in Resources */,
				11B7B6E51DA35DE40041E2ED /* ListOfJob.storyboard in Resources */,
				4F46C4A21D9D138B00FB39E6 /* elley.otf in Resources */,
				11B7B6C71D9A21A80041E2ED /* StrangerProfile.storyboard in Resources */,
				4FD5818E1D98F5F50083CCCE /* HomeTabStoryboard.storyboard in Resources */,
				4FEFA3A91D98E91400866794 /* LaunchScreen.storyboard in Resources */,
				4FEFA3A61D98E91400866794 /* Assets.xcassets in Resources */,
				4FD581921D98F62E0083CCCE /* PostTabStoryboard.storyboard in Resources */,
				11B7B6E91DA39D900041E2ED /* DetailStoryBoard.storyboard in Resources */,
				4FD5818C1D98F37A0083CCCE /* TabBarStoryboard.storyboard in Resources */,
				4FE3D4201D9A26170001344C /* AddUserPrivateMessageStoryboard.storyboard in Resources */,
				4FD581901D98F6110083CCCE /* InboxTabStoryboard.storyboard in Resources */,
				4FD581961D98F9440083CCCE /* GoogleService-Info.plist in Resources */,
				4FEFA3A11D98E91400866794 /* Main.storyboard in Resources */,
				4FD581941D98F6800083CCCE /* ProfileTabStoryboard.storyboard in Resources */,
				4F17BBA91DA0C3A70075EA31 /* ListOfTravellerRequestStoryboard.storyboard in Resources */,
				4FADD7C21D9E384D00DA8EBA /* NotificationStoryboard.storyboard in Resources */,
				4F4C769F1D9A0094006E94D1 /* PrivateMessageStoryboard.storyboard in Resources */,
			);
			runOnlyForDeploymentPostprocessing = 0;
		};
		4FEFA3AD1D98E91400866794 /* Resources */ = {
			isa = PBXResourcesBuildPhase;
			buildActionMask = 2147483647;
			files = (
			);
			runOnlyForDeploymentPostprocessing = 0;
		};
		4FEFA3B81D98E91400866794 /* Resources */ = {
			isa = PBXResourcesBuildPhase;
			buildActionMask = 2147483647;
			files = (
			);
			runOnlyForDeploymentPostprocessing = 0;
		};
/* End PBXResourcesBuildPhase section */

/* Begin PBXShellScriptBuildPhase section */
		1D11C15913CCEA2BC14D6739 /* [CP] Copy Pods Resources */ = {
			isa = PBXShellScriptBuildPhase;
			buildActionMask = 2147483647;
			files = (
			);
			inputPaths = (
			);
			name = "[CP] Copy Pods Resources";
			outputPaths = (
			);
			runOnlyForDeploymentPostprocessing = 0;
			shellPath = /bin/sh;
			shellScript = "\"${SRCROOT}/Pods/Target Support Files/Pods-Traveller/Pods-Traveller-resources.sh\"\n";
			showEnvVarsInLog = 0;
		};
		31136A53ECC4A183EE0A0393 /* [CP] Embed Pods Frameworks */ = {
			isa = PBXShellScriptBuildPhase;
			buildActionMask = 2147483647;
			files = (
			);
			inputPaths = (
			);
			name = "[CP] Embed Pods Frameworks";
			outputPaths = (
			);
			runOnlyForDeploymentPostprocessing = 0;
			shellPath = /bin/sh;
			shellScript = "\"${SRCROOT}/Pods/Target Support Files/Pods-TravellerTests/Pods-TravellerTests-frameworks.sh\"\n";
			showEnvVarsInLog = 0;
		};
		5AB4616CCDA1DFF0343C18CA /* [CP] Check Pods Manifest.lock */ = {
			isa = PBXShellScriptBuildPhase;
			buildActionMask = 2147483647;
			files = (
			);
			inputPaths = (
			);
			name = "[CP] Check Pods Manifest.lock";
			outputPaths = (
			);
			runOnlyForDeploymentPostprocessing = 0;
			shellPath = /bin/sh;
			shellScript = "diff \"${PODS_ROOT}/../Podfile.lock\" \"${PODS_ROOT}/Manifest.lock\" > /dev/null\nif [[ $? != 0 ]] ; then\n    cat << EOM\nerror: The sandbox is not in sync with the Podfile.lock. Run 'pod install' or update your CocoaPods installation.\nEOM\n    exit 1\nfi\n";
			showEnvVarsInLog = 0;
		};
		9ECE0AFA49ABADC28CEE5389 /* [CP] Copy Pods Resources */ = {
			isa = PBXShellScriptBuildPhase;
			buildActionMask = 2147483647;
			files = (
			);
			inputPaths = (
			);
			name = "[CP] Copy Pods Resources";
			outputPaths = (
			);
			runOnlyForDeploymentPostprocessing = 0;
			shellPath = /bin/sh;
			shellScript = "\"${SRCROOT}/Pods/Target Support Files/Pods-TravellerTests/Pods-TravellerTests-resources.sh\"\n";
			showEnvVarsInLog = 0;
		};
		C7BEDF05261CCFD15008FF4D /* [CP] Embed Pods Frameworks */ = {
			isa = PBXShellScriptBuildPhase;
			buildActionMask = 2147483647;
			files = (
			);
			inputPaths = (
			);
			name = "[CP] Embed Pods Frameworks";
			outputPaths = (
			);
			runOnlyForDeploymentPostprocessing = 0;
			shellPath = /bin/sh;
			shellScript = "\"${SRCROOT}/Pods/Target Support Files/Pods-Traveller/Pods-Traveller-frameworks.sh\"\n";
			showEnvVarsInLog = 0;
		};
		D886EA4FA1A6FF2E8A7CD188 /* [CP] Copy Pods Resources */ = {
			isa = PBXShellScriptBuildPhase;
			buildActionMask = 2147483647;
			files = (
			);
			inputPaths = (
			);
			name = "[CP] Copy Pods Resources";
			outputPaths = (
			);
			runOnlyForDeploymentPostprocessing = 0;
			shellPath = /bin/sh;
			shellScript = "\"${SRCROOT}/Pods/Target Support Files/Pods-TravellerUITests/Pods-TravellerUITests-resources.sh\"\n";
			showEnvVarsInLog = 0;
		};
		F2C4D0860DC02EB09D876601 /* [CP] Check Pods Manifest.lock */ = {
			isa = PBXShellScriptBuildPhase;
			buildActionMask = 2147483647;
			files = (
			);
			inputPaths = (
			);
			name = "[CP] Check Pods Manifest.lock";
			outputPaths = (
			);
			runOnlyForDeploymentPostprocessing = 0;
			shellPath = /bin/sh;
			shellScript = "diff \"${PODS_ROOT}/../Podfile.lock\" \"${PODS_ROOT}/Manifest.lock\" > /dev/null\nif [[ $? != 0 ]] ; then\n    cat << EOM\nerror: The sandbox is not in sync with the Podfile.lock. Run 'pod install' or update your CocoaPods installation.\nEOM\n    exit 1\nfi\n";
			showEnvVarsInLog = 0;
		};
		F73B802C4B939855AB8EF1FB /* [CP] Check Pods Manifest.lock */ = {
			isa = PBXShellScriptBuildPhase;
			buildActionMask = 2147483647;
			files = (
			);
			inputPaths = (
			);
			name = "[CP] Check Pods Manifest.lock";
			outputPaths = (
			);
			runOnlyForDeploymentPostprocessing = 0;
			shellPath = /bin/sh;
			shellScript = "diff \"${PODS_ROOT}/../Podfile.lock\" \"${PODS_ROOT}/Manifest.lock\" > /dev/null\nif [[ $? != 0 ]] ; then\n    cat << EOM\nerror: The sandbox is not in sync with the Podfile.lock. Run 'pod install' or update your CocoaPods installation.\nEOM\n    exit 1\nfi\n";
			showEnvVarsInLog = 0;
		};
/* End PBXShellScriptBuildPhase section */

/* Begin PBXSourcesBuildPhase section */
		4FEFA3941D98E91400866794 /* Sources */ = {
			isa = PBXSourcesBuildPhase;
			buildActionMask = 2147483647;
			files = (
				11B7B6C91D9A225C0041E2ED /* StrangerProfileViewController.swift in Sources */,
				4F4C769B1D9960D5006E94D1 /* InboxViewController.swift in Sources */,
				4F4C76991D993D76006E94D1 /* SignUpViewController.swift in Sources */,
				4FE3D4331D9B20B50001344C /* Message.swift in Sources */,
				11B7B6DB1D9B69170041E2ED /* DataService.swift in Sources */,
				11B7B6DD1D9B7D980041E2ED /* NotificationTableViewController.swift in Sources */,
				11B7B6BD1D9909100041E2ED /* PostViewController.swift in Sources */,
				11B7B6C11D9909590041E2ED /* EditProfileViewController.swift in Sources */,
				11B7B6D71D9ACC8F0041E2ED /* DetailViewController.swift in Sources */,
				11B7B6BF1D9909380041E2ED /* ProfileViewController.swift in Sources */,
				4FD581A81D990AAA0083CCCE /* HomeTabViewController.swift in Sources */,
				11B7B6C51D9967A00041E2ED /* User.swift in Sources */,
				4FEFA3A41D98E91400866794 /* Traveller.xcdatamodeld in Sources */,
				4F4C76971D99277C006E94D1 /* StyleKit.swift in Sources */,
				4F4C769D1D99FEDD006E94D1 /* InboxTableViewCell.swift in Sources */,
				4F7612C71D9CDF4D00649EA6 /* TabBarViewController.swift in Sources */,
				4F4C76A11D9A00CB006E94D1 /* PrivateMessageViewController.swift in Sources */,
				4FECCE191DA2159600EF7D26 /* CompletionViewController.swift in Sources */,
				4FE3D4301D9A463F0001344C /* Username.swift in Sources */,
				4FE3D4221D9A32F40001344C /* AddUserPrivateMessageViewController.swift in Sources */,
				11B7B6E71DA35E150041E2ED /* ListOfJobTableViewController.swift in Sources */,
				4F17BBAD1DA0C7060075EA31 /* ListOfTravellerRequestTableViewCell.swift in Sources */,
				4FEFA39C1D98E91400866794 /* AppDelegate.swift in Sources */,
				11B7B6CF1D9A64C10041E2ED /* Post.swift in Sources */,
				11B7B6D11D9AB9FD0041E2ED /* ProductCell.swift in Sources */,
				4FECCE1D1DA28B8000EF7D26 /* RatingViewController.swift in Sources */,
				4FE3D4241D9A332B0001344C /* AddUserPrivateMessageTableViewCell.swift in Sources */,
				4F17BBAB1DA0C3E70075EA31 /* ListOfTravellerRequestViewController.swift in Sources */,
			);
			runOnlyForDeploymentPostprocessing = 0;
		};
		4FEFA3AB1D98E91400866794 /* Sources */ = {
			isa = PBXSourcesBuildPhase;
			buildActionMask = 2147483647;
			files = (
				4FEFA3B41D98E91400866794 /* TravellerTests.swift in Sources */,
			);
			runOnlyForDeploymentPostprocessing = 0;
		};
		4FEFA3B61D98E91400866794 /* Sources */ = {
			isa = PBXSourcesBuildPhase;
			buildActionMask = 2147483647;
			files = (
				4FEFA3BF1D98E91400866794 /* TravellerUITests.swift in Sources */,
			);
			runOnlyForDeploymentPostprocessing = 0;
		};
/* End PBXSourcesBuildPhase section */

/* Begin PBXTargetDependency section */
		4FEFA3B11D98E91400866794 /* PBXTargetDependency */ = {
			isa = PBXTargetDependency;
			target = 4FEFA3971D98E91400866794 /* Traveller */;
			targetProxy = 4FEFA3B01D98E91400866794 /* PBXContainerItemProxy */;
		};
		4FEFA3BC1D98E91400866794 /* PBXTargetDependency */ = {
			isa = PBXTargetDependency;
			target = 4FEFA3971D98E91400866794 /* Traveller */;
			targetProxy = 4FEFA3BB1D98E91400866794 /* PBXContainerItemProxy */;
		};
/* End PBXTargetDependency section */

/* Begin PBXVariantGroup section */
		4FEFA39F1D98E91400866794 /* Main.storyboard */ = {
			isa = PBXVariantGroup;
			children = (
				4FEFA3A01D98E91400866794 /* Base */,
			);
			name = Main.storyboard;
			sourceTree = "<group>";
		};
		4FEFA3A71D98E91400866794 /* LaunchScreen.storyboard */ = {
			isa = PBXVariantGroup;
			children = (
				4FEFA3A81D98E91400866794 /* Base */,
			);
			name = LaunchScreen.storyboard;
			sourceTree = "<group>";
		};
/* End PBXVariantGroup section */

/* Begin XCBuildConfiguration section */
		4FEFA3C11D98E91400866794 /* Debug */ = {
			isa = XCBuildConfiguration;
			buildSettings = {
				ALWAYS_SEARCH_USER_PATHS = NO;
				CLANG_ANALYZER_NONNULL = YES;
				CLANG_CXX_LANGUAGE_STANDARD = "gnu++0x";
				CLANG_CXX_LIBRARY = "libc++";
				CLANG_ENABLE_MODULES = YES;
				CLANG_ENABLE_OBJC_ARC = YES;
				CLANG_WARN_BOOL_CONVERSION = YES;
				CLANG_WARN_CONSTANT_CONVERSION = YES;
				CLANG_WARN_DIRECT_OBJC_ISA_USAGE = YES_ERROR;
				CLANG_WARN_EMPTY_BODY = YES;
				CLANG_WARN_ENUM_CONVERSION = YES;
				CLANG_WARN_INT_CONVERSION = YES;
				CLANG_WARN_OBJC_ROOT_CLASS = YES_ERROR;
				CLANG_WARN_UNREACHABLE_CODE = YES;
				CLANG_WARN__DUPLICATE_METHOD_MATCH = YES;
				"CODE_SIGN_IDENTITY[sdk=iphoneos*]" = "iPhone Developer";
				COPY_PHASE_STRIP = NO;
				DEBUG_INFORMATION_FORMAT = dwarf;
				ENABLE_STRICT_OBJC_MSGSEND = YES;
				ENABLE_TESTABILITY = YES;
				GCC_C_LANGUAGE_STANDARD = gnu99;
				GCC_DYNAMIC_NO_PIC = NO;
				GCC_NO_COMMON_BLOCKS = YES;
				GCC_OPTIMIZATION_LEVEL = 0;
				GCC_PREPROCESSOR_DEFINITIONS = (
					"DEBUG=1",
					"$(inherited)",
				);
				GCC_WARN_64_TO_32_BIT_CONVERSION = YES;
				GCC_WARN_ABOUT_RETURN_TYPE = YES_ERROR;
				GCC_WARN_UNDECLARED_SELECTOR = YES;
				GCC_WARN_UNINITIALIZED_AUTOS = YES_AGGRESSIVE;
				GCC_WARN_UNUSED_FUNCTION = YES;
				GCC_WARN_UNUSED_VARIABLE = YES;
				IPHONEOS_DEPLOYMENT_TARGET = 9.3;
				MTL_ENABLE_DEBUG_INFO = YES;
				ONLY_ACTIVE_ARCH = YES;
				SDKROOT = iphoneos;
				SWIFT_OPTIMIZATION_LEVEL = "-Onone";
				TARGETED_DEVICE_FAMILY = "1,2";
			};
			name = Debug;
		};
		4FEFA3C21D98E91400866794 /* Release */ = {
			isa = XCBuildConfiguration;
			buildSettings = {
				ALWAYS_SEARCH_USER_PATHS = NO;
				CLANG_ANALYZER_NONNULL = YES;
				CLANG_CXX_LANGUAGE_STANDARD = "gnu++0x";
				CLANG_CXX_LIBRARY = "libc++";
				CLANG_ENABLE_MODULES = YES;
				CLANG_ENABLE_OBJC_ARC = YES;
				CLANG_WARN_BOOL_CONVERSION = YES;
				CLANG_WARN_CONSTANT_CONVERSION = YES;
				CLANG_WARN_DIRECT_OBJC_ISA_USAGE = YES_ERROR;
				CLANG_WARN_EMPTY_BODY = YES;
				CLANG_WARN_ENUM_CONVERSION = YES;
				CLANG_WARN_INT_CONVERSION = YES;
				CLANG_WARN_OBJC_ROOT_CLASS = YES_ERROR;
				CLANG_WARN_UNREACHABLE_CODE = YES;
				CLANG_WARN__DUPLICATE_METHOD_MATCH = YES;
				"CODE_SIGN_IDENTITY[sdk=iphoneos*]" = "iPhone Developer";
				COPY_PHASE_STRIP = NO;
				DEBUG_INFORMATION_FORMAT = "dwarf-with-dsym";
				ENABLE_NS_ASSERTIONS = NO;
				ENABLE_STRICT_OBJC_MSGSEND = YES;
				GCC_C_LANGUAGE_STANDARD = gnu99;
				GCC_NO_COMMON_BLOCKS = YES;
				GCC_WARN_64_TO_32_BIT_CONVERSION = YES;
				GCC_WARN_ABOUT_RETURN_TYPE = YES_ERROR;
				GCC_WARN_UNDECLARED_SELECTOR = YES;
				GCC_WARN_UNINITIALIZED_AUTOS = YES_AGGRESSIVE;
				GCC_WARN_UNUSED_FUNCTION = YES;
				GCC_WARN_UNUSED_VARIABLE = YES;
				IPHONEOS_DEPLOYMENT_TARGET = 9.3;
				MTL_ENABLE_DEBUG_INFO = NO;
				SDKROOT = iphoneos;
				TARGETED_DEVICE_FAMILY = "1,2";
				VALIDATE_PRODUCT = YES;
			};
			name = Release;
		};
		4FEFA3C41D98E91400866794 /* Debug */ = {
			isa = XCBuildConfiguration;
			baseConfigurationReference = 366CB820EA17A9C4A83E695B /* Pods-Traveller.debug.xcconfig */;
			buildSettings = {
				ASSETCATALOG_COMPILER_APPICON_NAME = AppIcon;
				CODE_SIGN_IDENTITY = "iPhone Developer";
				"CODE_SIGN_IDENTITY[sdk=iphoneos*]" = "iPhone Developer";
				FRAMEWORK_SEARCH_PATHS = (
					"$(inherited)",
					"$(PROJECT_DIR)",
				);
				INFOPLIST_FILE = Traveller/Info.plist;
				LD_RUNPATH_SEARCH_PATHS = "$(inherited) @executable_path/Frameworks";
				PRODUCT_BUNDLE_IDENTIFIER = genecoding.Traveller1;
				PRODUCT_NAME = "$(TARGET_NAME)";
				PROVISIONING_PROFILE = "";
			};
			name = Debug;
		};
		4FEFA3C51D98E91400866794 /* Release */ = {
			isa = XCBuildConfiguration;
			baseConfigurationReference = 955563E6C55CEE0DBA3A0C37 /* Pods-Traveller.release.xcconfig */;
			buildSettings = {
				ASSETCATALOG_COMPILER_APPICON_NAME = AppIcon;
				CODE_SIGN_IDENTITY = "iPhone Developer";
				"CODE_SIGN_IDENTITY[sdk=iphoneos*]" = "iPhone Developer";
				FRAMEWORK_SEARCH_PATHS = (
					"$(inherited)",
					"$(PROJECT_DIR)",
				);
				INFOPLIST_FILE = Traveller/Info.plist;
				LD_RUNPATH_SEARCH_PATHS = "$(inherited) @executable_path/Frameworks";
				PRODUCT_BUNDLE_IDENTIFIER = genecoding.Traveller1;
				PRODUCT_NAME = "$(TARGET_NAME)";
				PROVISIONING_PROFILE = "";
			};
			name = Release;
		};
		4FEFA3C71D98E91400866794 /* Debug */ = {
			isa = XCBuildConfiguration;
			baseConfigurationReference = 74974443BA6619B660111BDF /* Pods-TravellerTests.debug.xcconfig */;
			buildSettings = {
				BUNDLE_LOADER = "$(TEST_HOST)";
				INFOPLIST_FILE = TravellerTests/Info.plist;
				LD_RUNPATH_SEARCH_PATHS = "$(inherited) @executable_path/Frameworks @loader_path/Frameworks";
				PRODUCT_BUNDLE_IDENTIFIER = genecoding.TravellerTests;
				PRODUCT_NAME = "$(TARGET_NAME)";
				TEST_HOST = "$(BUILT_PRODUCTS_DIR)/Traveller.app/Traveller";
			};
			name = Debug;
		};
		4FEFA3C81D98E91400866794 /* Release */ = {
			isa = XCBuildConfiguration;
			baseConfigurationReference = 39E9B465ACF837088CF450E2 /* Pods-TravellerTests.release.xcconfig */;
			buildSettings = {
				BUNDLE_LOADER = "$(TEST_HOST)";
				INFOPLIST_FILE = TravellerTests/Info.plist;
				LD_RUNPATH_SEARCH_PATHS = "$(inherited) @executable_path/Frameworks @loader_path/Frameworks";
				PRODUCT_BUNDLE_IDENTIFIER = genecoding.TravellerTests;
				PRODUCT_NAME = "$(TARGET_NAME)";
				TEST_HOST = "$(BUILT_PRODUCTS_DIR)/Traveller.app/Traveller";
			};
			name = Release;
		};
		4FEFA3CA1D98E91400866794 /* Debug */ = {
			isa = XCBuildConfiguration;
			baseConfigurationReference = 8C742861D1A64FB77E5E11AC /* Pods-TravellerUITests.debug.xcconfig */;
			buildSettings = {
				INFOPLIST_FILE = TravellerUITests/Info.plist;
				LD_RUNPATH_SEARCH_PATHS = "$(inherited) @executable_path/Frameworks @loader_path/Frameworks";
				PRODUCT_BUNDLE_IDENTIFIER = genecoding.TravellerUITests;
				PRODUCT_NAME = "$(TARGET_NAME)";
				TEST_TARGET_NAME = Traveller;
			};
			name = Debug;
		};
		4FEFA3CB1D98E91400866794 /* Release */ = {
			isa = XCBuildConfiguration;
			baseConfigurationReference = 0B7D3D90E03B3B5AA80F76E0 /* Pods-TravellerUITests.release.xcconfig */;
			buildSettings = {
				INFOPLIST_FILE = TravellerUITests/Info.plist;
				LD_RUNPATH_SEARCH_PATHS = "$(inherited) @executable_path/Frameworks @loader_path/Frameworks";
				PRODUCT_BUNDLE_IDENTIFIER = genecoding.TravellerUITests;
				PRODUCT_NAME = "$(TARGET_NAME)";
				TEST_TARGET_NAME = Traveller;
			};
			name = Release;
		};
/* End XCBuildConfiguration section */

/* Begin XCConfigurationList section */
		4FEFA3931D98E91400866794 /* Build configuration list for PBXProject "Traveller" */ = {
			isa = XCConfigurationList;
			buildConfigurations = (
				4FEFA3C11D98E91400866794 /* Debug */,
				4FEFA3C21D98E91400866794 /* Release */,
			);
			defaultConfigurationIsVisible = 0;
			defaultConfigurationName = Release;
		};
		4FEFA3C31D98E91400866794 /* Build configuration list for PBXNativeTarget "Traveller" */ = {
			isa = XCConfigurationList;
			buildConfigurations = (
				4FEFA3C41D98E91400866794 /* Debug */,
				4FEFA3C51D98E91400866794 /* Release */,
			);
			defaultConfigurationIsVisible = 0;
			defaultConfigurationName = Release;
		};
		4FEFA3C61D98E91400866794 /* Build configuration list for PBXNativeTarget "TravellerTests" */ = {
			isa = XCConfigurationList;
			buildConfigurations = (
				4FEFA3C71D98E91400866794 /* Debug */,
				4FEFA3C81D98E91400866794 /* Release */,
			);
			defaultConfigurationIsVisible = 0;
			defaultConfigurationName = Release;
		};
		4FEFA3C91D98E91400866794 /* Build configuration list for PBXNativeTarget "TravellerUITests" */ = {
			isa = XCConfigurationList;
			buildConfigurations = (
				4FEFA3CA1D98E91400866794 /* Debug */,
				4FEFA3CB1D98E91400866794 /* Release */,
			);
			defaultConfigurationIsVisible = 0;
			defaultConfigurationName = Release;
		};
/* End XCConfigurationList section */

/* Begin XCVersionGroup section */
		4FEFA3A21D98E91400866794 /* Traveller.xcdatamodeld */ = {
			isa = XCVersionGroup;
			children = (
				4FEFA3A31D98E91400866794 /* Traveller.xcdatamodel */,
			);
			currentVersion = 4FEFA3A31D98E91400866794 /* Traveller.xcdatamodel */;
			path = Traveller.xcdatamodeld;
			sourceTree = "<group>";
			versionGroupType = wrapper.xcdatamodel;
		};
/* End XCVersionGroup section */
	};
	rootObject = 4FEFA3901D98E91400866794 /* Project object */;
}
